
Microsoft Visual Studio Solution File, Format Version 12.00
# Visual Studio Version 17
VisualStudioVersion = 17.14.36202.13 d17.14
MinimumVisualStudioVersion = 10.0.40219.1
Project("{FAE04EC0-301F-11D3-BF4B-00C04F79EFBC}") = "Middleware", "Middleware.csproj", "{05A2A29B-F90E-46BB-9472-27473810C277}"
EndProject
Global
	GlobalSection(SolutionConfigurationPlatforms) = preSolution
		Debug|Any CPU = Debug|Any CPU
		Release|Any CPU = Release|Any CPU
	EndGlobalSection
	GlobalSection(ProjectConfigurationPlatforms) = postSolution
		{05A2A29B-F90E-46BB-9472-27473810C277}.Debug|Any CPU.ActiveCfg = Debug|Any CPU
		{05A2A29B-F90E-46BB-9472-27473810C277}.Debug|Any CPU.Build.0 = Debug|Any CPU
		{05A2A29B-F90E-46BB-9472-27473810C277}.Release|Any CPU.ActiveCfg = Release|Any CPU
		{05A2A29B-F90E-46BB-9472-27473810C277}.Release|Any CPU.Build.0 = Release|Any CPU
	EndGlobalSection
	GlobalSection(SolutionProperties) = preSolution
		HideSolutionNode = FALSE
	EndGlobalSection
	GlobalSection(ExtensibilityGlobals) = postSolution
		SolutionGuid = {85897FB6-BE68-49D3-A0B6-CA2F33D77634}
	EndGlobalSection
EndGlobal
